
Microsoft Visual Studio Solution File, Format Version 12.00
# Visual Studio Version 17
VisualStudioVersion = 17.7.34221.43
MinimumVisualStudioVersion = 10.0.40219.1
Project("{9A19103F-16F7-4668-BE54-9A1E7A4F7556}") = "YVD", "YVD.csproj", "{BE25CB12-E7FF-4F72-8A8B-DEE22C554EC9}"
EndProject
Global
	GlobalSection(SolutionConfigurationPlatforms) = preSolution
		Debug|Any CPU = Debug|Any CPU
		Release|Any CPU = Release|Any CPU
	EndGlobalSection
	GlobalSection(ProjectConfigurationPlatforms) = postSolution
		{BE25CB12-E7FF-4F72-8A8B-DEE22C554EC9}.Debug|Any CPU.ActiveCfg = Debug|Any CPU
		{BE25CB12-E7FF-4F72-8A8B-DEE22C554EC9}.Debug|Any CPU.Build.0 = Debug|Any CPU
		{BE25CB12-E7FF-4F72-8A8B-DEE22C554EC9}.Release|Any CPU.ActiveCfg = Release|Any CPU
		{BE25CB12-E7FF-4F72-8A8B-DEE22C554EC9}.Release|Any CPU.Build.0 = Release|Any CPU
	EndGlobalSection
	GlobalSection(SolutionProperties) = preSolution
		HideSolutionNode = FALSE
	EndGlobalSection
	GlobalSection(ExtensibilityGlobals) = postSolution
		SolutionGuid = {0898DB08-16FA-4886-9421-48A87BCADDA4}
	EndGlobalSection
EndGlobal
